// !$*UTF8*$!
{
	archiveVersion = 1;
	classes = {
	};
	objectVersion = 46;
	objects = {

/* Begin PBXBuildFile section */
		8C383AD41D587D66007553AD /* main.m in Sources */ = {isa = PBXBuildFile; fileRef = 8C383AD31D587D66007553AD /* main.m */; };
		8C383AD71D587D66007553AD /* AppDelegate.m in Sources */ = {isa = PBXBuildFile; fileRef = 8C383AD61D587D66007553AD /* AppDelegate.m */; };
		8C383ADD1D587D66007553AD /* Main.storyboard in Resources */ = {isa = PBXBuildFile; fileRef = 8C383ADB1D587D66007553AD /* Main.storyboard */; };
		8C383ADF1D587D66007553AD /* Assets.xcassets in Resources */ = {isa = PBXBuildFile; fileRef = 8C383ADE1D587D66007553AD /* Assets.xcassets */; };
		8C383AE21D587D66007553AD /* LaunchScreen.storyboard in Resources */ = {isa = PBXBuildFile; fileRef = 8C383AE01D587D66007553AD /* LaunchScreen.storyboard */; };
		8C383AED1D587D66007553AD /* __HeaderTests.m in Sources */ = {isa = PBXBuildFile; fileRef = 8C383AEC1D587D66007553AD /* __HeaderTests.m */; };
		8C383AF81D587D66007553AD /* __HeaderUITests.m in Sources */ = {isa = PBXBuildFile; fileRef = 8C383AF71D587D66007553AD /* __HeaderUITests.m */; };
		8C383B071D587D75007553AD /* YZTableViewController.m in Sources */ = {isa = PBXBuildFile; fileRef = 8C383B061D587D75007553AD /* YZTableViewController.m */; };
		8C383B0A1D587DB0007553AD /* UIScrollView+HeaderScaleImage.m in Sources */ = {isa = PBXBuildFile; fileRef = 8C383B091D587DB0007553AD /* UIScrollView+HeaderScaleImage.m */; };
/* End PBXBuildFile section */

/* Begin PBXContainerItemProxy section */
		8C383AE91D587D66007553AD /* PBXContainerItemProxy */ = {
			isa = PBXContainerItemProxy;
			containerPortal = 8C383AC71D587D66007553AD /* Project object */;
			proxyType = 1;
			remoteGlobalIDString = 8C383ACE1D587D66007553AD;
			remoteInfo = "表的Header";
		};
		8C383AF41D587D66007553AD /* PBXContainerItemProxy */ = {
			isa = PBXContainerItemProxy;
			containerPortal = 8C383AC71D587D66007553AD /* Project object */;
			proxyType = 1;
			remoteGlobalIDString = 8C383ACE1D587D66007553AD;
			remoteInfo = "表的Header";
		};
/* End PBXContainerItemProxy section */

/* Begin PBXFileReference section */
		8C383ACF1D587D66007553AD /* 表的Header.app */ = {isa = PBXFileReference; explicitFileType = wrapper.application; includeInIndex = 0; path = "表的Header.app"; sourceTree = BUILT_PRODUCTS_DIR; };
		8C383AD31D587D66007553AD /* main.m */ = {isa = PBXFileReference; lastKnownFileType = sourcecode.c.objc; path = main.m; sourceTree = "<group>"; };
		8C383AD51D587D66007553AD /* AppDelegate.h */ = {isa = PBXFileReference; lastKnownFileType = sourcecode.c.h; path = AppDelegate.h; sourceTree = "<group>"; };
		8C383AD61D587D66007553AD /* AppDelegate.m */ = {isa = PBXFileReference; lastKnownFileType = sourcecode.c.objc; path = AppDelegate.m; sourceTree = "<group>"; };
		8C383ADC1D587D66007553AD /* Base */ = {isa = PBXFileReference; lastKnownFileType = file.storyboard; name = Base; path = Base.lproj/Main.storyboard; sourceTree = "<group>"; };
		8C383ADE1D587D66007553AD /* Assets.xcassets */ = {isa = PBXFileReference; lastKnownFileType = folder.assetcatalog; path = Assets.xcassets; sourceTree = "<group>"; };
		8C383AE11D587D66007553AD /* Base */ = {isa = PBXFileReference; lastKnownFileType = file.storyboard; name = Base; path = Base.lproj/LaunchScreen.storyboard; sourceTree = "<group>"; };
		8C383AE31D587D66007553AD /* Info.plist */ = {isa = PBXFileReference; lastKnownFileType = text.plist.xml; path = Info.plist; sourceTree = "<group>"; };
		8C383AE81D587D66007553AD /* 表的HeaderTests.xctest */ = {isa = PBXFileReference; explicitFileType = wrapper.cfbundle; includeInIndex = 0; path = "表的HeaderTests.xctest"; sourceTree = BUILT_PRODUCTS_DIR; };
		8C383AEC1D587D66007553AD /* __HeaderTests.m */ = {isa = PBXFileReference; lastKnownFileType = sourcecode.c.objc; path = __HeaderTests.m; sourceTree = "<group>"; };
		8C383AEE1D587D66007553AD /* Info.plist */ = {isa = PBXFileReference; lastKnownFileType = text.plist.xml; path = Info.plist; sourceTree = "<group>"; };
		8C383AF31D587D66007553AD /* 表的HeaderUITests.xctest */ = {isa = PBXFileReference; explicitFileType = wrapper.cfbundle; includeInIndex = 0; path = "表的HeaderUITests.xctest"; sourceTree = BUILT_PRODUCTS_DIR; };
		8C383AF71D587D66007553AD /* __HeaderUITests.m */ = {isa = PBXFileReference; lastKnownFileType = sourcecode.c.objc; path = __HeaderUITests.m; sourceTree = "<group>"; };
		8C383AF91D587D66007553AD /* Info.plist */ = {isa = PBXFileReference; lastKnownFileType = text.plist.xml; path = Info.plist; sourceTree = "<group>"; };
		8C383B051D587D75007553AD /* YZTableViewController.h */ = {isa = PBXFileReference; fileEncoding = 4; lastKnownFileType = sourcecode.c.h; path = YZTableViewController.h; sourceTree = "<group>"; };
		8C383B061D587D75007553AD /* YZTableViewController.m */ = {isa = PBXFileReference; fileEncoding = 4; lastKnownFileType = sourcecode.c.objc; path = YZTableViewController.m; sourceTree = "<group>"; };
		8C383B081D587DB0007553AD /* UIScrollView+HeaderScaleImage.h */ = {isa = PBXFileReference; fileEncoding = 4; lastKnownFileType = sourcecode.c.h; path = "UIScrollView+HeaderScaleImage.h"; sourceTree = "<group>"; };
		8C383B091D587DB0007553AD /* UIScrollView+HeaderScaleImage.m */ = {isa = PBXFileReference; fileEncoding = 4; lastKnownFileType = sourcecode.c.objc; path = "UIScrollView+HeaderScaleImage.m"; sourceTree = "<group>"; };
/* End PBXFileReference section */

/* Begin PBXFrameworksBuildPhase section */
		8C383ACC1D587D66007553AD /* Frameworks */ = {
			isa = PBXFrameworksBuildPhase;
			buildActionMask = 2147483647;
			files = (
			);
			runOnlyForDeploymentPostprocessing = 0;
		};
		8C383AE51D587D66007553AD /* Frameworks */ = {
			isa = PBXFrameworksBuildPhase;
			buildActionMask = 2147483647;
			files = (
			);
			runOnlyForDeploymentPostprocessing = 0;
		};
		8C383AF01D587D66007553AD /* Frameworks */ = {
			isa = PBXFrameworksBuildPhase;
			buildActionMask = 2147483647;
			files = (
			);
			runOnlyForDeploymentPostprocessing = 0;
		};
/* End PBXFrameworksBuildPhase section */

/* Begin PBXGroup section */
		8C383AC61D587D66007553AD = {
			isa = PBXGroup;
			children = (
				8C383AD11D587D66007553AD /* 表的Header */,
				8C383AEB1D587D66007553AD /* 表的HeaderTests */,
				8C383AF61D587D66007553AD /* 表的HeaderUITests */,
				8C383AD01D587D66007553AD /* Products */,
			);
			sourceTree = "<group>";
		};
		8C383AD01D587D66007553AD /* Products */ = {
			isa = PBXGroup;
			children = (
				8C383ACF1D587D66007553AD /* 表的Header.app */,
				8C383AE81D587D66007553AD /* 表的HeaderTests.xctest */,
				8C383AF31D587D66007553AD /* 表的HeaderUITests.xctest */,
			);
			name = Products;
			sourceTree = "<group>";
		};
		8C383AD11D587D66007553AD /* 表的Header */ = {
			isa = PBXGroup;
			children = (
				8C383AD51D587D66007553AD /* AppDelegate.h */,
				8C383AD61D587D66007553AD /* AppDelegate.m */,
				8C383B051D587D75007553AD /* YZTableViewController.h */,
				8C383B061D587D75007553AD /* YZTableViewController.m */,
				8C383B081D587DB0007553AD /* UIScrollView+HeaderScaleImage.h */,
				8C383B091D587DB0007553AD /* UIScrollView+HeaderScaleImage.m */,
				8C383ADB1D587D66007553AD /* Main.storyboard */,
				8C383ADE1D587D66007553AD /* Assets.xcassets */,
				8C383AE01D587D66007553AD /* LaunchScreen.storyboard */,
				8C383AE31D587D66007553AD /* Info.plist */,
				8C383AD21D587D66007553AD /* Supporting Files */,
			);
			path = "表的Header";
			sourceTree = "<group>";
		};
		8C383AD21D587D66007553AD /* Supporting Files */ = {
			isa = PBXGroup;
			children = (
				8C383AD31D587D66007553AD /* main.m */,
			);
			name = "Supporting Files";
			sourceTree = "<group>";
		};
		8C383AEB1D587D66007553AD /* 表的HeaderTests */ = {
			isa = PBXGroup;
			children = (
				8C383AEC1D587D66007553AD /* __HeaderTests.m */,
				8C383AEE1D587D66007553AD /* Info.plist */,
			);
			path = "表的HeaderTests";
			sourceTree = "<group>";
		};
		8C383AF61D587D66007553AD /* 表的HeaderUITests */ = {
			isa = PBXGroup;
			children = (
				8C383AF71D587D66007553AD /* __HeaderUITests.m */,
				8C383AF91D587D66007553AD /* Info.plist */,
			);
			path = "表的HeaderUITests";
			sourceTree = "<group>";
		};
/* End PBXGroup section */

/* Begin PBXNativeTarget section */
		8C383ACE1D587D66007553AD /* 表的Header */ = {
			isa = PBXNativeTarget;
			buildConfigurationList = 8C383AFC1D587D66007553AD /* Build configuration list for PBXNativeTarget "表的Header" */;
			buildPhases = (
				8C383ACB1D587D66007553AD /* Sources */,
				8C383ACC1D587D66007553AD /* Frameworks */,
				8C383ACD1D587D66007553AD /* Resources */,
			);
			buildRules = (
			);
			dependencies = (
			);
			name = "表的Header";
			productName = "表的Header";
			productReference = 8C383ACF1D587D66007553AD /* 表的Header.app */;
			productType = "com.apple.product-type.application";
		};
		8C383AE71D587D66007553AD /* 表的HeaderTests */ = {
			isa = PBXNativeTarget;
			buildConfigurationList = 8C383AFF1D587D66007553AD /* Build configuration list for PBXNativeTarget "表的HeaderTests" */;
			buildPhases = (
				8C383AE41D587D66007553AD /* Sources */,
				8C383AE51D587D66007553AD /* Frameworks */,
				8C383AE61D587D66007553AD /* Resources */,
			);
			buildRules = (
			);
			dependencies = (
				8C383AEA1D587D66007553AD /* PBXTargetDependency */,
			);
			name = "表的HeaderTests";
			productName = "表的HeaderTests";
			productReference = 8C383AE81D587D66007553AD /* 表的HeaderTests.xctest */;
			productType = "com.apple.product-type.bundle.unit-test";
		};
		8C383AF21D587D66007553AD /* 表的HeaderUITests */ = {
			isa = PBXNativeTarget;
			buildConfigurationList = 8C383B021D587D66007553AD /* Build configuration list for PBXNativeTarget "表的HeaderUITests" */;
			buildPhases = (
				8C383AEF1D587D66007553AD /* Sources */,
				8C383AF01D587D66007553AD /* Frameworks */,
				8C383AF11D587D66007553AD /* Resources */,
			);
			buildRules = (
			);
			dependencies = (
				8C383AF51D587D66007553AD /* PBXTargetDependency */,
			);
			name = "表的HeaderUITests";
			productName = "表的HeaderUITests";
			productReference = 8C383AF31D587D66007553AD /* 表的HeaderUITests.xctest */;
			productType = "com.apple.product-type.bundle.ui-testing";
		};
/* End PBXNativeTarget section */

/* Begin PBXProject section */
		8C383AC71D587D66007553AD /* Project object */ = {
			isa = PBXProject;
			attributes = {
				LastUpgradeCheck = 0730;
				ORGANIZATIONNAME = lixun;
				TargetAttributes = {
					8C383ACE1D587D66007553AD = {
						CreatedOnToolsVersion = 7.3.1;
					};
					8C383AE71D587D66007553AD = {
						CreatedOnToolsVersion = 7.3.1;
						TestTargetID = 8C383ACE1D587D66007553AD;
					};
					8C383AF21D587D66007553AD = {
						CreatedOnToolsVersion = 7.3.1;
						TestTargetID = 8C383ACE1D587D66007553AD;
					};
				};
			};
			buildConfigurationList = 8C383ACA1D587D66007553AD /* Build configuration list for PBXProject "表的Header" */;
			compatibilityVersion = "Xcode 3.2";
			developmentRegion = English;
			hasScannedForEncodings = 0;
			knownRegions = (
				en,
				Base,
			);
			mainGroup = 8C383AC61D587D66007553AD;
			productRefGroup = 8C383AD01D587D66007553AD /* Products */;
			projectDirPath = "";
			projectRoot = "";
			targets = (
				8C383ACE1D587D66007553AD /* 表的Header */,
				8C383AE71D587D66007553AD /* 表的HeaderTests */,
				8C383AF21D587D66007553AD /* 表的HeaderUITests */,
			);
		};
/* End PBXProject section */

/* Begin PBXResourcesBuildPhase section */
		8C383ACD1D587D66007553AD /* Resources */ = {
			isa = PBXResourcesBuildPhase;
			buildActionMask = 2147483647;
			files = (
				8C383AE21D587D66007553AD /* LaunchScreen.storyboard in Resources */,
				8C383ADF1D587D66007553AD /* Assets.xcassets in Resources */,
				8C383ADD1D587D66007553AD /* Main.storyboard in Resources */,
			);
			runOnlyForDeploymentPostprocessing = 0;
		};
		8C383AE61D587D66007553AD /* Resources */ = {
			isa = PBXResourcesBuildPhase;
			buildActionMask = 2147483647;
			files = (
			);
			runOnlyForDeploymentPostprocessing = 0;
		};
		8C383AF11D587D66007553AD /* Resources */ = {
			isa = PBXResourcesBuildPhase;
			buildActionMask = 2147483647;
			files = (
			);
			runOnlyForDeploymentPostprocessing = 0;
		};
/* End PBXResourcesBuildPhase section */

/* Begin PBXSourcesBuildPhase section */
		8C383ACB1D587D66007553AD /* Sources */ = {
			isa = PBXSourcesBuildPhase;
			buildActionMask = 2147483647;
			files = (
				8C383B071D587D75007553AD /* YZTableViewController.m in Sources */,
				8C383AD71D587D66007553AD /* AppDelegate.m in Sources */,
				8C383AD41D587D66007553AD /* main.m in Sources */,
				8C383B0A1D587DB0007553AD /* UIScrollView+HeaderScaleImage.m in Sources */,
			);
			runOnlyForDeploymentPostprocessing = 0;
		};
		8C383AE41D587D66007553AD /* Sources */ = {
			isa = PBXSourcesBuildPhase;
			buildActionMask = 2147483647;
			files = (
				8C383AED1D587D66007553AD /* __HeaderTests.m in Sources */,
			);
			runOnlyForDeploymentPostprocessing = 0;
		};
		8C383AEF1D587D66007553AD /* Sources */ = {
			isa = PBXSourcesBuildPhase;
			buildActionMask = 2147483647;
			files = (
				8C383AF81D587D66007553AD /* __HeaderUITests.m in Sources */,
			);
			runOnlyForDeploymentPostprocessing = 0;
		};
/* End PBXSourcesBuildPhase section */

/* Begin PBXTargetDependency section */
		8C383AEA1D587D66007553AD /* PBXTargetDependency */ = {
			isa = PBXTargetDependency;
			target = 8C383ACE1D587D66007553AD /* 表的Header */;
			targetProxy = 8C383AE91D587D66007553AD /* PBXContainerItemProxy */;
		};
		8C383AF51D587D66007553AD /* PBXTargetDependency */ = {
			isa = PBXTargetDependency;
			target = 8C383ACE1D587D66007553AD /* 表的Header */;
			targetProxy = 8C383AF41D587D66007553AD /* PBXContainerItemProxy */;
		};
/* End PBXTargetDependency section */

/* Begin PBXVariantGroup section */
		8C383ADB1D587D66007553AD /* Main.storyboard */ = {
			isa = PBXVariantGroup;
			children = (
				8C383ADC1D587D66007553AD /* Base */,
			);
			name = Main.storyboard;
			sourceTree = "<group>";
		};
		8C383AE01D587D66007553AD /* LaunchScreen.storyboard */ = {
			isa = PBXVariantGroup;
			children = (
				8C383AE11D587D66007553AD /* Base */,
			);
			name = LaunchScreen.storyboard;
			sourceTree = "<group>";
		};
/* End PBXVariantGroup section */

/* Begin XCBuildConfiguration section */
		8C383AFA1D587D66007553AD /* Debug */ = {
			isa = XCBuildConfiguration;
			buildSettings = {
				ALWAYS_SEARCH_USER_PATHS = NO;
				CLANG_ANALYZER_NONNULL = YES;
				CLANG_CXX_LANGUAGE_STANDARD = "gnu++0x";
				CLANG_CXX_LIBRARY = "libc++";
				CLANG_ENABLE_MODULES = YES;
				CLANG_ENABLE_OBJC_ARC = YES;
				CLANG_WARN_BOOL_CONVERSION = YES;
				CLANG_WARN_CONSTANT_CONVERSION = YES;
				CLANG_WARN_DIRECT_OBJC_ISA_USAGE = YES_ERROR;
				CLANG_WARN_EMPTY_BODY = YES;
				CLANG_WARN_ENUM_CONVERSION = YES;
				CLANG_WARN_INT_CONVERSION = YES;
				CLANG_WARN_OBJC_ROOT_CLASS = YES_ERROR;
				CLANG_WARN_UNREACHABLE_CODE = YES;
				CLANG_WARN__DUPLICATE_METHOD_MATCH = YES;
				"CODE_SIGN_IDENTITY[sdk=iphoneos*]" = "iPhone Developer";
				COPY_PHASE_STRIP = NO;
				DEBUG_INFORMATION_FORMAT = dwarf;
				ENABLE_STRICT_OBJC_MSGSEND = YES;
				ENABLE_TESTABILITY = YES;
				GCC_C_LANGUAGE_STANDARD = gnu99;
				GCC_DYNAMIC_NO_PIC = NO;
				GCC_NO_COMMON_BLOCKS = YES;
				GCC_OPTIMIZATION_LEVEL = 0;
				GCC_PREPROCESSOR_DEFINITIONS = (
					"DEBUG=1",
					"$(inherited)",
				);
				GCC_WARN_64_TO_32_BIT_CONVERSION = YES;
				GCC_WARN_ABOUT_RETURN_TYPE = YES_ERROR;
				GCC_WARN_UNDECLARED_SELECTOR = YES;
				GCC_WARN_UNINITIALIZED_AUTOS = YES_AGGRESSIVE;
				GCC_WARN_UNUSED_FUNCTION = YES;
				GCC_WARN_UNUSED_VARIABLE = YES;
				IPHONEOS_DEPLOYMENT_TARGET = 9.3;
				MTL_ENABLE_DEBUG_INFO = YES;
				ONLY_ACTIVE_ARCH = YES;
				SDKROOT = iphoneos;
				TARGETED_DEVICE_FAMILY = "1,2";
			};
			name = Debug;
		};
		8C383AFB1D587D66007553AD /* Release */ = {
			isa = XCBuildConfiguration;
			buildSettings = {
				ALWAYS_SEARCH_USER_PATHS = NO;
				CLANG_ANALYZER_NONNULL = YES;
				CLANG_CXX_LANGUAGE_STANDARD = "gnu++0x";
				CLANG_CXX_LIBRARY = "libc++";
				CLANG_ENABLE_MODULES = YES;
				CLANG_ENABLE_OBJC_ARC = YES;
				CLANG_WARN_BOOL_CONVERSION = YES;
				CLANG_WARN_CONSTANT_CONVERSION = YES;
				CLANG_WARN_DIRECT_OBJC_ISA_USAGE = YES_ERROR;
				CLANG_WARN_EMPTY_BODY = YES;
				CLANG_WARN_ENUM_CONVERSION = YES;
				CLANG_WARN_INT_CONVERSION = YES;
				CLANG_WARN_OBJC_ROOT_CLASS = YES_ERROR;
				CLANG_WARN_UNREACHABLE_CODE = YES;
				CLANG_WARN__DUPLICATE_METHOD_MATCH = YES;
				"CODE_SIGN_IDENTITY[sdk=iphoneos*]" = "iPhone Developer";
				COPY_PHASE_STRIP = NO;
				DEBUG_INFORMATION_FORMAT = "dwarf-with-dsym";
				ENABLE_NS_ASSERTIONS = NO;
				ENABLE_STRICT_OBJC_MSGSEND = YES;
				GCC_C_LANGUAGE_STANDARD = gnu99;
				GCC_NO_COMMON_BLOCKS = YES;
				GCC_WARN_64_TO_32_BIT_CONVERSION = YES;
				GCC_WARN_ABOUT_RETURN_TYPE = YES_ERROR;
				GCC_WARN_UNDECLARED_SELECTOR = YES;
				GCC_WARN_UNINITIALIZED_AUTOS = YES_AGGRESSIVE;
				GCC_WARN_UNUSED_FUNCTION = YES;
				GCC_WARN_UNUSED_VARIABLE = YES;
				IPHONEOS_DEPLOYMENT_TARGET = 9.3;
				MTL_ENABLE_DEBUG_INFO = NO;
				SDKROOT = iphoneos;
				TARGETED_DEVICE_FAMILY = "1,2";
				VALIDATE_PRODUCT = YES;
			};
			name = Release;
		};
		8C383AFD1D587D66007553AD /* Debug */ = {
			isa = XCBuildConfiguration;
			buildSettings = {
				ASSETCATALOG_COMPILER_APPICON_NAME = AppIcon;
				INFOPLIST_FILE = "表的Header/Info.plist";
				LD_RUNPATH_SEARCH_PATHS = "$(inherited) @executable_path/Frameworks";
				PRODUCT_BUNDLE_IDENTIFIER = "com.yuwubao.--Header";
				PRODUCT_NAME = "$(TARGET_NAME)";
			};
			name = Debug;
		};
		8C383AFE1D587D66007553AD /* Release */ = {
			isa = XCBuildConfiguration;
			buildSettings = {
				ASSETCATALOG_COMPILER_APPICON_NAME = AppIcon;
				INFOPLIST_FILE = "表的Header/Info.plist";
				LD_RUNPATH_SEARCH_PATHS = "$(inherited) @executable_path/Frameworks";
				PRODUCT_BUNDLE_IDENTIFIER = "com.yuwubao.--Header";
				PRODUCT_NAME = "$(TARGET_NAME)";
			};
			name = Release;
		};
		8C383B001D587D66007553AD /* Debug */ = {
			isa = XCBuildConfiguration;
			buildSettings = {
				BUNDLE_LOADER = "$(TEST_HOST)";
				INFOPLIST_FILE = "表的HeaderTests/Info.plist";
				LD_RUNPATH_SEARCH_PATHS = "$(inherited) @executable_path/Frameworks @loader_path/Frameworks";
				PRODUCT_BUNDLE_IDENTIFIER = "com.yuwubao.--HeaderTests";
				PRODUCT_NAME = "$(TARGET_NAME)";
				TEST_HOST = "$(BUILT_PRODUCTS_DIR)/表的Header.app/表的Header";
			};
			name = Debug;
		};
		8C383B011D587D66007553AD /* Release */ = {
			isa = XCBuildConfiguration;
			buildSettings = {
				BUNDLE_LOADER = "$(TEST_HOST)";
				INFOPLIST_FILE = "表的HeaderTests/Info.plist";
				LD_RUNPATH_SEARCH_PATHS = "$(inherited) @executable_path/Frameworks @loader_path/Frameworks";
				PRODUCT_BUNDLE_IDENTIFIER = "com.yuwubao.--HeaderTests";
				PRODUCT_NAME = "$(TARGET_NAME)";
				TEST_HOST = "$(BUILT_PRODUCTS_DIR)/表的Header.app/表的Header";
			};
			name = Release;
		};
		8C383B031D587D66007553AD /* Debug */ = {
			isa = XCBuildConfiguration;
			buildSettings = {
				INFOPLIST_FILE = "表的HeaderUITests/Info.plist";
				LD_RUNPATH_SEARCH_PATHS = "$(inherited) @executable_path/Frameworks @loader_path/Frameworks";
				PRODUCT_BUNDLE_IDENTIFIER = "com.yuwubao.--HeaderUITests";
				PRODUCT_NAME = "$(TARGET_NAME)";
				TEST_TARGET_NAME = "表的Header";
			};
			name = Debug;
		};
		8C383B041D587D66007553AD /* Release */ = {
			isa = XCBuildConfiguration;
			buildSettings = {
				INFOPLIST_FILE = "表的HeaderUITests/Info.plist";
				LD_RUNPATH_SEARCH_PATHS = "$(inherited) @executable_path/Frameworks @loader_path/Frameworks";
				PRODUCT_BUNDLE_IDENTIFIER = "com.yuwubao.--HeaderUITests";
				PRODUCT_NAME = "$(TARGET_NAME)";
				TEST_TARGET_NAME = "表的Header";
			};
			name = Release;
		};
/* End XCBuildConfiguration section */

/* Begin XCConfigurationList section */
		8C383ACA1D587D66007553AD /* Build configuration list for PBXProject "表的Header" */ = {
			isa = XCConfigurationList;
			buildConfigurations = (
				8C383AFA1D587D66007553AD /* Debug */,
				8C383AFB1D587D66007553AD /* Release */,
			);
			defaultConfigurationIsVisible = 0;
			defaultConfigurationName = Release;
		};
		8C383AFC1D587D66007553AD /* Build configuration list for PBXNativeTarget "表的Header" */ = {
			isa = XCConfigurationList;
			buildConfigurations = (
				8C383AFD1D587D66007553AD /* Debug */,
				8C383AFE1D587D66007553AD /* Release */,
			);
			defaultConfigurationIsVisible = 0;
		};
		8C383AFF1D587D66007553AD /* Build configuration list for PBXNativeTarget "表的HeaderTests" */ = {
			isa = XCConfigurationList;
			buildConfigurations = (
				8C383B001D587D66007553AD /* Debug */,
				8C383B011D587D66007553AD /* Release */,
			);
			defaultConfigurationIsVisible = 0;
		};
		8C383B021D587D66007553AD /* Build configuration list for PBXNativeTarget "表的HeaderUITests" */ = {
			isa = XCConfigurationList;
			buildConfigurations = (
				8C383B031D587D66007553AD /* Debug */,
				8C383B041D587D66007553AD /* Release */,
			);
			defaultConfigurationIsVisible = 0;
		};
/* End XCConfigurationList section */
	};
	rootObject = 8C383AC71D587D66007553AD /* Project object */;
}
